// !$*UTF8*$!
{
	archiveVersion = 1;
	classes = {
	};
	objectVersion = 51;
	objects = {

/* Begin PBXBuildFile section */
		860CB609B609CB5C516B97D2 /* Pods_GameKatalog.framework in Frameworks */ = {isa = PBXBuildFile; fileRef = 92784F45C140A6814E3F870B /* Pods_GameKatalog.framework */; };
		C03D1E082703411F00045F31 /* FavoriteViewController.swift in Sources */ = {isa = PBXBuildFile; fileRef = C03D1E072703411F00045F31 /* FavoriteViewController.swift */; };
		C03D1E0A27034B6700045F31 /* DetailFavoriteViewController.swift in Sources */ = {isa = PBXBuildFile; fileRef = C03D1E0927034B6700045F31 /* DetailFavoriteViewController.swift */; };
		C0E625E626FF0AA60045D6A2 /* Persistance.swift in Sources */ = {isa = PBXBuildFile; fileRef = C0E625E526FF0AA60045D6A2 /* Persistance.swift */; };
		C0F13C7E26F6FC9600F55E66 /* AppDelegate.swift in Sources */ = {isa = PBXBuildFile; fileRef = C0F13C7D26F6FC9600F55E66 /* AppDelegate.swift */; };
		C0F13C8026F6FC9600F55E66 /* SceneDelegate.swift in Sources */ = {isa = PBXBuildFile; fileRef = C0F13C7F26F6FC9600F55E66 /* SceneDelegate.swift */; };
		C0F13C8226F6FC9600F55E66 /* ViewController.swift in Sources */ = {isa = PBXBuildFile; fileRef = C0F13C8126F6FC9600F55E66 /* ViewController.swift */; };
		C0F13C8526F6FC9600F55E66 /* Main.storyboard in Resources */ = {isa = PBXBuildFile; fileRef = C0F13C8326F6FC9600F55E66 /* Main.storyboard */; };
		C0F13C8826F6FC9600F55E66 /* GameKatalog.xcdatamodeld in Sources */ = {isa = PBXBuildFile; fileRef = C0F13C8626F6FC9600F55E66 /* GameKatalog.xcdatamodeld */; };
		C0F13C8A26F6FC9700F55E66 /* Assets.xcassets in Resources */ = {isa = PBXBuildFile; fileRef = C0F13C8926F6FC9700F55E66 /* Assets.xcassets */; };
		C0F13C8D26F6FC9700F55E66 /* LaunchScreen.storyboard in Resources */ = {isa = PBXBuildFile; fileRef = C0F13C8B26F6FC9700F55E66 /* LaunchScreen.storyboard */; };
		C0F13C9926F6FCF700F55E66 /* GameViewModel.swift in Sources */ = {isa = PBXBuildFile; fileRef = C0F13C9826F6FCF700F55E66 /* GameViewModel.swift */; };
		C0F13C9C26F6FD2700F55E66 /* GameTableViewCell.swift in Sources */ = {isa = PBXBuildFile; fileRef = C0F13C9B26F6FD2700F55E66 /* GameTableViewCell.swift */; };
		C0F13C9E26F6FD5600F55E66 /* GameData.swift in Sources */ = {isa = PBXBuildFile; fileRef = C0F13C9D26F6FD5600F55E66 /* GameData.swift */; };
		C0F13CA026F6FD9200F55E66 /* DetailViewController.swift in Sources */ = {isa = PBXBuildFile; fileRef = C0F13C9F26F6FD9200F55E66 /* DetailViewController.swift */; };
		C0F13CA226F6FDA000F55E66 /* ProfileViewController.swift in Sources */ = {isa = PBXBuildFile; fileRef = C0F13CA126F6FDA000F55E66 /* ProfileViewController.swift */; };
		C0F13CA426F6FDC100F55E66 /* ApiService.swift in Sources */ = {isa = PBXBuildFile; fileRef = C0F13CA326F6FDC100F55E66 /* ApiService.swift */; };
		C0F13CA826F7010500F55E66 /* Detail.storyboard in Resources */ = {isa = PBXBuildFile; fileRef = C0F13CA726F7010500F55E66 /* Detail.storyboard */; };
		C0F13CAA26F70FDD00F55E66 /* Profile.storyboard in Resources */ = {isa = PBXBuildFile; fileRef = C0F13CA926F70FDD00F55E66 /* Profile.storyboard */; };
		C0F13CAD26F7635700F55E66 /* GameDetailViewModel.swift in Sources */ = {isa = PBXBuildFile; fileRef = C0F13CAC26F7635700F55E66 /* GameDetailViewModel.swift */; };
		C0F13CAF26F798EC00F55E66 /* GameDetailData.swift in Sources */ = {isa = PBXBuildFile; fileRef = C0F13CAE26F798EC00F55E66 /* GameDetailData.swift */; };
/* End PBXBuildFile section */

/* Begin PBXFileReference section */
		8144FB100D65EF4DAEDA7B6C /* Pods-GameKatalog.release.xcconfig */ = {isa = PBXFileReference; includeInIndex = 1; lastKnownFileType = text.xcconfig; name = "Pods-GameKatalog.release.xcconfig"; path = "Target Support Files/Pods-GameKatalog/Pods-GameKatalog.release.xcconfig"; sourceTree = "<group>"; };
		92784F45C140A6814E3F870B /* Pods_GameKatalog.framework */ = {isa = PBXFileReference; explicitFileType = wrapper.framework; includeInIndex = 0; path = Pods_GameKatalog.framework; sourceTree = BUILT_PRODUCTS_DIR; };
		C03D1E072703411F00045F31 /* FavoriteViewController.swift */ = {isa = PBXFileReference; lastKnownFileType = sourcecode.swift; path = FavoriteViewController.swift; sourceTree = "<group>"; };
		C03D1E0927034B6700045F31 /* DetailFavoriteViewController.swift */ = {isa = PBXFileReference; lastKnownFileType = sourcecode.swift; path = DetailFavoriteViewController.swift; sourceTree = "<group>"; };
		C0E625E526FF0AA60045D6A2 /* Persistance.swift */ = {isa = PBXFileReference; lastKnownFileType = sourcecode.swift; path = Persistance.swift; sourceTree = "<group>"; };
		C0F13C7A26F6FC9600F55E66 /* GameKatalog.app */ = {isa = PBXFileReference; explicitFileType = wrapper.application; includeInIndex = 0; path = GameKatalog.app; sourceTree = BUILT_PRODUCTS_DIR; };
		C0F13C7D26F6FC9600F55E66 /* AppDelegate.swift */ = {isa = PBXFileReference; lastKnownFileType = sourcecode.swift; path = AppDelegate.swift; sourceTree = "<group>"; };
		C0F13C7F26F6FC9600F55E66 /* SceneDelegate.swift */ = {isa = PBXFileReference; lastKnownFileType = sourcecode.swift; path = SceneDelegate.swift; sourceTree = "<group>"; };
		C0F13C8126F6FC9600F55E66 /* ViewController.swift */ = {isa = PBXFileReference; lastKnownFileType = sourcecode.swift; path = ViewController.swift; sourceTree = "<group>"; };
		C0F13C8426F6FC9600F55E66 /* Base */ = {isa = PBXFileReference; lastKnownFileType = file.storyboard; name = Base; path = Base.lproj/Main.storyboard; sourceTree = "<group>"; };
		C0F13C8726F6FC9600F55E66 /* GameKatalog.xcdatamodel */ = {isa = PBXFileReference; lastKnownFileType = wrapper.xcdatamodel; path = GameKatalog.xcdatamodel; sourceTree = "<group>"; };
		C0F13C8926F6FC9700F55E66 /* Assets.xcassets */ = {isa = PBXFileReference; lastKnownFileType = folder.assetcatalog; path = Assets.xcassets; sourceTree = "<group>"; };
		C0F13C8C26F6FC9700F55E66 /* Base */ = {isa = PBXFileReference; lastKnownFileType = file.storyboard; name = Base; path = Base.lproj/LaunchScreen.storyboard; sourceTree = "<group>"; };
		C0F13C8E26F6FC9700F55E66 /* Info.plist */ = {isa = PBXFileReference; lastKnownFileType = text.plist.xml; path = Info.plist; sourceTree = "<group>"; };
		C0F13C9826F6FCF700F55E66 /* GameViewModel.swift */ = {isa = PBXFileReference; lastKnownFileType = sourcecode.swift; path = GameViewModel.swift; sourceTree = "<group>"; };
		C0F13C9B26F6FD2700F55E66 /* GameTableViewCell.swift */ = {isa = PBXFileReference; lastKnownFileType = sourcecode.swift; path = GameTableViewCell.swift; sourceTree = "<group>"; };
		C0F13C9D26F6FD5600F55E66 /* GameData.swift */ = {isa = PBXFileReference; lastKnownFileType = sourcecode.swift; path = GameData.swift; sourceTree = "<group>"; };
		C0F13C9F26F6FD9200F55E66 /* DetailViewController.swift */ = {isa = PBXFileReference; lastKnownFileType = sourcecode.swift; path = DetailViewController.swift; sourceTree = "<group>"; };
		C0F13CA126F6FDA000F55E66 /* ProfileViewController.swift */ = {isa = PBXFileReference; lastKnownFileType = sourcecode.swift; path = ProfileViewController.swift; sourceTree = "<group>"; };
		C0F13CA326F6FDC100F55E66 /* ApiService.swift */ = {isa = PBXFileReference; lastKnownFileType = sourcecode.swift; path = ApiService.swift; sourceTree = "<group>"; };
		C0F13CA726F7010500F55E66 /* Detail.storyboard */ = {isa = PBXFileReference; lastKnownFileType = file.storyboard; path = Detail.storyboard; sourceTree = "<group>"; };
		C0F13CA926F70FDD00F55E66 /* Profile.storyboard */ = {isa = PBXFileReference; lastKnownFileType = file.storyboard; path = Profile.storyboard; sourceTree = "<group>"; };
		C0F13CAC26F7635700F55E66 /* GameDetailViewModel.swift */ = {isa = PBXFileReference; lastKnownFileType = sourcecode.swift; path = GameDetailViewModel.swift; sourceTree = "<group>"; };
		C0F13CAE26F798EC00F55E66 /* GameDetailData.swift */ = {isa = PBXFileReference; lastKnownFileType = sourcecode.swift; path = GameDetailData.swift; sourceTree = "<group>"; };
		C5A1DC7E02D65F7C946E6CD9 /* Pods-GameKatalog.debug.xcconfig */ = {isa = PBXFileReference; includeInIndex = 1; lastKnownFileType = text.xcconfig; name = "Pods-GameKatalog.debug.xcconfig"; path = "Target Support Files/Pods-GameKatalog/Pods-GameKatalog.debug.xcconfig"; sourceTree = "<group>"; };
/* End PBXFileReference section */

/* Begin PBXFrameworksBuildPhase section */
		C0F13C7726F6FC9600F55E66 /* Frameworks */ = {
			isa = PBXFrameworksBuildPhase;
			buildActionMask = 2147483647;
			files = (
				860CB609B609CB5C516B97D2 /* Pods_GameKatalog.framework in Frameworks */,
			);
			runOnlyForDeploymentPostprocessing = 0;
		};
/* End PBXFrameworksBuildPhase section */

/* Begin PBXGroup section */
		2C8212813FBC7AFEE326978E /* Pods */ = {
			isa = PBXGroup;
			children = (
				C5A1DC7E02D65F7C946E6CD9 /* Pods-GameKatalog.debug.xcconfig */,
				8144FB100D65EF4DAEDA7B6C /* Pods-GameKatalog.release.xcconfig */,
			);
			path = Pods;
			sourceTree = "<group>";
		};
		6A3D8CBECEC8EA87D5BD5A84 /* Frameworks */ = {
			isa = PBXGroup;
			children = (
				92784F45C140A6814E3F870B /* Pods_GameKatalog.framework */,
			);
			name = Frameworks;
			sourceTree = "<group>";
		};
		C0E625E426FF0A7E0045D6A2 /* Service */ = {
			isa = PBXGroup;
			children = (
				C0E625E526FF0AA60045D6A2 /* Persistance.swift */,
			);
			path = Service;
			sourceTree = "<group>";
		};
		C0F13C7126F6FC9600F55E66 = {
			isa = PBXGroup;
			children = (
				C0F13C7C26F6FC9600F55E66 /* GameKatalog */,
				C0F13C7B26F6FC9600F55E66 /* Products */,
				2C8212813FBC7AFEE326978E /* Pods */,
				6A3D8CBECEC8EA87D5BD5A84 /* Frameworks */,
			);
			sourceTree = "<group>";
		};
		C0F13C7B26F6FC9600F55E66 /* Products */ = {
			isa = PBXGroup;
			children = (
				C0F13C7A26F6FC9600F55E66 /* GameKatalog.app */,
			);
			name = Products;
			sourceTree = "<group>";
		};
		C0F13C7C26F6FC9600F55E66 /* GameKatalog */ = {
			isa = PBXGroup;
			children = (
				C0E625E426FF0A7E0045D6A2 /* Service */,
				C0F13CAB26F7521F00F55E66 /* API */,
				C0F13C9A26F6FD1C00F55E66 /* Cell */,
				C0F13C9726F6FCC400F55E66 /* ViewModel */,
				C0F13C9626F6FCB900F55E66 /* Controller */,
				C0F13C9526F6FCAA00F55E66 /* Model */,
				C0F13C9426F6FCA300F55E66 /* Views */,
				C0F13C7D26F6FC9600F55E66 /* AppDelegate.swift */,
				C0F13C7F26F6FC9600F55E66 /* SceneDelegate.swift */,
				C0F13C8926F6FC9700F55E66 /* Assets.xcassets */,
				C0F13C8B26F6FC9700F55E66 /* LaunchScreen.storyboard */,
				C0F13C8E26F6FC9700F55E66 /* Info.plist */,
				C0F13C8626F6FC9600F55E66 /* GameKatalog.xcdatamodeld */,
			);
			path = GameKatalog;
			sourceTree = "<group>";
		};
		C0F13C9426F6FCA300F55E66 /* Views */ = {
			isa = PBXGroup;
			children = (
				C0F13C8326F6FC9600F55E66 /* Main.storyboard */,
				C0F13CA726F7010500F55E66 /* Detail.storyboard */,
				C0F13CA926F70FDD00F55E66 /* Profile.storyboard */,
			);
			path = Views;
			sourceTree = "<group>";
		};
		C0F13C9526F6FCAA00F55E66 /* Model */ = {
			isa = PBXGroup;
			children = (
				C0F13C9D26F6FD5600F55E66 /* GameData.swift */,
				C0F13CAE26F798EC00F55E66 /* GameDetailData.swift */,
			);
			path = Model;
			sourceTree = "<group>";
		};
		C0F13C9626F6FCB900F55E66 /* Controller */ = {
			isa = PBXGroup;
			children = (
				C0F13C8126F6FC9600F55E66 /* ViewController.swift */,
				C0F13C9F26F6FD9200F55E66 /* DetailViewController.swift */,
				C0F13CA126F6FDA000F55E66 /* ProfileViewController.swift */,
				C03D1E072703411F00045F31 /* FavoriteViewController.swift */,
				C03D1E0927034B6700045F31 /* DetailFavoriteViewController.swift */,
			);
			path = Controller;
			sourceTree = "<group>";
		};
		C0F13C9726F6FCC400F55E66 /* ViewModel */ = {
			isa = PBXGroup;
			children = (
				C0F13C9826F6FCF700F55E66 /* GameViewModel.swift */,
				C0F13CAC26F7635700F55E66 /* GameDetailViewModel.swift */,
			);
			path = ViewModel;
			sourceTree = "<group>";
		};
		C0F13C9A26F6FD1C00F55E66 /* Cell */ = {
			isa = PBXGroup;
			children = (
				C0F13C9B26F6FD2700F55E66 /* GameTableViewCell.swift */,
			);
			path = Cell;
			sourceTree = "<group>";
		};
		C0F13CAB26F7521F00F55E66 /* API */ = {
			isa = PBXGroup;
			children = (
				C0F13CA326F6FDC100F55E66 /* ApiService.swift */,
			);
			path = API;
			sourceTree = "<group>";
		};
/* End PBXGroup section */

/* Begin PBXNativeTarget section */
		C0F13C7926F6FC9600F55E66 /* GameKatalog */ = {
			isa = PBXNativeTarget;
			buildConfigurationList = C0F13C9126F6FC9700F55E66 /* Build configuration list for PBXNativeTarget "GameKatalog" */;
			buildPhases = (
				2F8B96F6D5B530351F4195BA /* [CP] Check Pods Manifest.lock */,
				C0F13C7626F6FC9600F55E66 /* Sources */,
				C0F13C7726F6FC9600F55E66 /* Frameworks */,
				C0F13C7826F6FC9600F55E66 /* Resources */,
				538A1F9C81BFD5B5DE7EAE32 /* [CP] Embed Pods Frameworks */,
				C0C3595127061C3D00501DB9 /* ShellScript */,
			);
			buildRules = (
			);
			dependencies = (
			);
			name = GameKatalog;
			productName = GameKatalog;
			productReference = C0F13C7A26F6FC9600F55E66 /* GameKatalog.app */;
			productType = "com.apple.product-type.application";
		};
/* End PBXNativeTarget section */

/* Begin PBXProject section */
		C0F13C7226F6FC9600F55E66 /* Project object */ = {
			isa = PBXProject;
			attributes = {
				LastSwiftUpdateCheck = 1250;
				LastUpgradeCheck = 1250;
				TargetAttributes = {
					C0F13C7926F6FC9600F55E66 = {
						CreatedOnToolsVersion = 12.5.1;
					};
				};
			};
			buildConfigurationList = C0F13C7526F6FC9600F55E66 /* Build configuration list for PBXProject "GameKatalog" */;
			compatibilityVersion = "Xcode 9.3";
			developmentRegion = en;
			hasScannedForEncodings = 0;
			knownRegions = (
				en,
				Base,
			);
			mainGroup = C0F13C7126F6FC9600F55E66;
			productRefGroup = C0F13C7B26F6FC9600F55E66 /* Products */;
			projectDirPath = "";
			projectRoot = "";
			targets = (
				C0F13C7926F6FC9600F55E66 /* GameKatalog */,
			);
		};
/* End PBXProject section */

/* Begin PBXResourcesBuildPhase section */
		C0F13C7826F6FC9600F55E66 /* Resources */ = {
			isa = PBXResourcesBuildPhase;
			buildActionMask = 2147483647;
			files = (
				C0F13C8D26F6FC9700F55E66 /* LaunchScreen.storyboard in Resources */,
				C0F13C8A26F6FC9700F55E66 /* Assets.xcassets in Resources */,
				C0F13CAA26F70FDD00F55E66 /* Profile.storyboard in Resources */,
				C0F13C8526F6FC9600F55E66 /* Main.storyboard in Resources */,
				C0F13CA826F7010500F55E66 /* Detail.storyboard in Resources */,
			);
			runOnlyForDeploymentPostprocessing = 0;
		};
/* End PBXResourcesBuildPhase section */

/* Begin PBXShellScriptBuildPhase section */
		2F8B96F6D5B530351F4195BA /* [CP] Check Pods Manifest.lock */ = {
			isa = PBXShellScriptBuildPhase;
			buildActionMask = 2147483647;
			files = (
			);
			inputFileListPaths = (
			);
			inputPaths = (
				"${PODS_PODFILE_DIR_PATH}/Podfile.lock",
				"${PODS_ROOT}/Manifest.lock",
			);
			name = "[CP] Check Pods Manifest.lock";
			outputFileListPaths = (
			);
			outputPaths = (
				"$(DERIVED_FILE_DIR)/Pods-GameKatalog-checkManifestLockResult.txt",
			);
			runOnlyForDeploymentPostprocessing = 0;
			shellPath = /bin/sh;
			shellScript = "diff \"${PODS_PODFILE_DIR_PATH}/Podfile.lock\" \"${PODS_ROOT}/Manifest.lock\" > /dev/null\nif [ $? != 0 ] ; then\n    # print error to STDERR\n    echo \"error: The sandbox is not in sync with the Podfile.lock. Run 'pod install' or update your CocoaPods installation.\" >&2\n    exit 1\nfi\n# This output is used by Xcode 'outputs' to avoid re-running this script phase.\necho \"SUCCESS\" > \"${SCRIPT_OUTPUT_FILE_0}\"\n";
			showEnvVarsInLog = 0;
		};
		538A1F9C81BFD5B5DE7EAE32 /* [CP] Embed Pods Frameworks */ = {
			isa = PBXShellScriptBuildPhase;
			buildActionMask = 2147483647;
			files = (
			);
			inputFileListPaths = (
				"${PODS_ROOT}/Target Support Files/Pods-GameKatalog/Pods-GameKatalog-frameworks-${CONFIGURATION}-input-files.xcfilelist",
			);
			name = "[CP] Embed Pods Frameworks";
			outputFileListPaths = (
				"${PODS_ROOT}/Target Support Files/Pods-GameKatalog/Pods-GameKatalog-frameworks-${CONFIGURATION}-output-files.xcfilelist",
			);
			runOnlyForDeploymentPostprocessing = 0;
			shellPath = /bin/sh;
			shellScript = "\"${PODS_ROOT}/Target Support Files/Pods-GameKatalog/Pods-GameKatalog-frameworks.sh\"\n";
			showEnvVarsInLog = 0;
		};
		C0C3595127061C3D00501DB9 /* ShellScript */ = {
			isa = PBXShellScriptBuildPhase;
			buildActionMask = 2147483647;
			files = (
			);
			inputFileListPaths = (
			);
			inputPaths = (
			);
			outputFileListPaths = (
			);
			outputPaths = (
			);
			runOnlyForDeploymentPostprocessing = 0;
			shellPath = /bin/sh;
			shellScript = "\"${PODS_ROOT}/SwiftLint/swiftlint\"\n";
		};
/* End PBXShellScriptBuildPhase section */

/* Begin PBXSourcesBuildPhase section */
		C0F13C7626F6FC9600F55E66 /* Sources */ = {
			isa = PBXSourcesBuildPhase;
			buildActionMask = 2147483647;
			files = (
				C0F13C8226F6FC9600F55E66 /* ViewController.swift in Sources */,
				C0E625E626FF0AA60045D6A2 /* Persistance.swift in Sources */,
				C0F13CAD26F7635700F55E66 /* GameDetailViewModel.swift in Sources */,
				C0F13CAF26F798EC00F55E66 /* GameDetailData.swift in Sources */,
				C0F13C8826F6FC9600F55E66 /* GameKatalog.xcdatamodeld in Sources */,
				C0F13C7E26F6FC9600F55E66 /* AppDelegate.swift in Sources */,
				C0F13C9926F6FCF700F55E66 /* GameViewModel.swift in Sources */,
				C0F13C8026F6FC9600F55E66 /* SceneDelegate.swift in Sources */,
				C0F13C9E26F6FD5600F55E66 /* GameData.swift in Sources */,
				C0F13CA426F6FDC100F55E66 /* ApiService.swift in Sources */,
				C03D1E082703411F00045F31 /* FavoriteViewController.swift in Sources */,
				C0F13CA226F6FDA000F55E66 /* ProfileViewController.swift in Sources */,
				C0F13C9C26F6FD2700F55E66 /* GameTableViewCell.swift in Sources */,
				C0F13CA026F6FD9200F55E66 /* DetailViewController.swift in Sources */,
				C03D1E0A27034B6700045F31 /* DetailFavoriteViewController.swift in Sources */,
			);
			runOnlyForDeploymentPostprocessing = 0;
		};
/* End PBXSourcesBuildPhase section */

/* Begin PBXVariantGroup section */
		C0F13C8326F6FC9600F55E66 /* Main.storyboard */ = {
			isa = PBXVariantGroup;
			children = (
				C0F13C8426F6FC9600F55E66 /* Base */,
			);
			name = Main.storyboard;
			sourceTree = "<group>";
		};
		C0F13C8B26F6FC9700F55E66 /* LaunchScreen.storyboard */ = {
			isa = PBXVariantGroup;
			children = (
				C0F13C8C26F6FC9700F55E66 /* Base */,
			);
			name = LaunchScreen.storyboard;
			sourceTree = "<group>";
		};
/* End PBXVariantGroup section */

/* Begin XCBuildConfiguration section */
		C0F13C8F26F6FC9700F55E66 /* Debug */ = {
			isa = XCBuildConfiguration;
			buildSettings = {
				ALWAYS_SEARCH_USER_PATHS = NO;
				CLANG_ANALYZER_NONNULL = YES;
				CLANG_ANALYZER_NUMBER_OBJECT_CONVERSION = YES_AGGRESSIVE;
				CLANG_CXX_LANGUAGE_STANDARD = "gnu++14";
				CLANG_CXX_LIBRARY = "libc++";
				CLANG_ENABLE_MODULES = YES;
				CLANG_ENABLE_OBJC_ARC = YES;
				CLANG_ENABLE_OBJC_WEAK = YES;
				CLANG_WARN_BLOCK_CAPTURE_AUTORELEASING = YES;
				CLANG_WARN_BOOL_CONVERSION = YES;
				CLANG_WARN_COMMA = YES;
				CLANG_WARN_CONSTANT_CONVERSION = YES;
				CLANG_WARN_DEPRECATED_OBJC_IMPLEMENTATIONS = YES;
				CLANG_WARN_DIRECT_OBJC_ISA_USAGE = YES_ERROR;
				CLANG_WARN_DOCUMENTATION_COMMENTS = YES;
				CLANG_WARN_EMPTY_BODY = YES;
				CLANG_WARN_ENUM_CONVERSION = YES;
				CLANG_WARN_INFINITE_RECURSION = YES;
				CLANG_WARN_INT_CONVERSION = YES;
				CLANG_WARN_NON_LITERAL_NULL_CONVERSION = YES;
				CLANG_WARN_OBJC_IMPLICIT_RETAIN_SELF = YES;
				CLANG_WARN_OBJC_LITERAL_CONVERSION = YES;
				CLANG_WARN_OBJC_ROOT_CLASS = YES_ERROR;
				CLANG_WARN_QUOTED_INCLUDE_IN_FRAMEWORK_HEADER = YES;
				CLANG_WARN_RANGE_LOOP_ANALYSIS = YES;
				CLANG_WARN_STRICT_PROTOTYPES = YES;
				CLANG_WARN_SUSPICIOUS_MOVE = YES;
				CLANG_WARN_UNGUARDED_AVAILABILITY = YES_AGGRESSIVE;
				CLANG_WARN_UNREACHABLE_CODE = YES;
				CLANG_WARN__DUPLICATE_METHOD_MATCH = YES;
				COPY_PHASE_STRIP = NO;
				DEBUG_INFORMATION_FORMAT = dwarf;
				ENABLE_STRICT_OBJC_MSGSEND = YES;
				ENABLE_TESTABILITY = YES;
				GCC_C_LANGUAGE_STANDARD = gnu11;
				GCC_DYNAMIC_NO_PIC = NO;
				GCC_NO_COMMON_BLOCKS = YES;
				GCC_OPTIMIZATION_LEVEL = 0;
				GCC_PREPROCESSOR_DEFINITIONS = (
					"DEBUG=1",
					"$(inherited)",
				);
				GCC_WARN_64_TO_32_BIT_CONVERSION = YES;
				GCC_WARN_ABOUT_RETURN_TYPE = YES_ERROR;
				GCC_WARN_UNDECLARED_SELECTOR = YES;
				GCC_WARN_UNINITIALIZED_AUTOS = YES_AGGRESSIVE;
				GCC_WARN_UNUSED_FUNCTION = YES;
				GCC_WARN_UNUSED_VARIABLE = YES;
				IPHONEOS_DEPLOYMENT_TARGET = 14.5;
				MTL_ENABLE_DEBUG_INFO = INCLUDE_SOURCE;
				MTL_FAST_MATH = YES;
				ONLY_ACTIVE_ARCH = YES;
				SDKROOT = iphoneos;
				SWIFT_ACTIVE_COMPILATION_CONDITIONS = DEBUG;
				SWIFT_OPTIMIZATION_LEVEL = "-Onone";
			};
			name = Debug;
		};
		C0F13C9026F6FC9700F55E66 /* Release */ = {
			isa = XCBuildConfiguration;
			buildSettings = {
				ALWAYS_SEARCH_USER_PATHS = NO;
				CLANG_ANALYZER_NONNULL = YES;
				CLANG_ANALYZER_NUMBER_OBJECT_CONVERSION = YES_AGGRESSIVE;
				CLANG_CXX_LANGUAGE_STANDARD = "gnu++14";
				CLANG_CXX_LIBRARY = "libc++";
				CLANG_ENABLE_MODULES = YES;
				CLANG_ENABLE_OBJC_ARC = YES;
				CLANG_ENABLE_OBJC_WEAK = YES;
				CLANG_WARN_BLOCK_CAPTURE_AUTORELEASING = YES;
				CLANG_WARN_BOOL_CONVERSION = YES;
				CLANG_WARN_COMMA = YES;
				CLANG_WARN_CONSTANT_CONVERSION = YES;
				CLANG_WARN_DEPRECATED_OBJC_IMPLEMENTATIONS = YES;
				CLANG_WARN_DIRECT_OBJC_ISA_USAGE = YES_ERROR;
				CLANG_WARN_DOCUMENTATION_COMMENTS = YES;
				CLANG_WARN_EMPTY_BODY = YES;
				CLANG_WARN_ENUM_CONVERSION = YES;
				CLANG_WARN_INFINITE_RECURSION = YES;
				CLANG_WARN_INT_CONVERSION = YES;
				CLANG_WARN_NON_LITERAL_NULL_CONVERSION = YES;
				CLANG_WARN_OBJC_IMPLICIT_RETAIN_SELF = YES;
				CLANG_WARN_OBJC_LITERAL_CONVERSION = YES;
				CLANG_WARN_OBJC_ROOT_CLASS = YES_ERROR;
				CLANG_WARN_QUOTED_INCLUDE_IN_FRAMEWORK_HEADER = YES;
				CLANG_WARN_RANGE_LOOP_ANALYSIS = YES;
				CLANG_WARN_STRICT_PROTOTYPES = YES;
				CLANG_WARN_SUSPICIOUS_MOVE = YES;
				CLANG_WARN_UNGUARDED_AVAILABILITY = YES_AGGRESSIVE;
				CLANG_WARN_UNREACHABLE_CODE = YES;
				CLANG_WARN__DUPLICATE_METHOD_MATCH = YES;
				COPY_PHASE_STRIP = NO;
				DEBUG_INFORMATION_FORMAT = "dwarf-with-dsym";
				ENABLE_NS_ASSERTIONS = NO;
				ENABLE_STRICT_OBJC_MSGSEND = YES;
				GCC_C_LANGUAGE_STANDARD = gnu11;
				GCC_NO_COMMON_BLOCKS = YES;
				GCC_WARN_64_TO_32_BIT_CONVERSION = YES;
				GCC_WARN_ABOUT_RETURN_TYPE = YES_ERROR;
				GCC_WARN_UNDECLARED_SELECTOR = YES;
				GCC_WARN_UNINITIALIZED_AUTOS = YES_AGGRESSIVE;
				GCC_WARN_UNUSED_FUNCTION = YES;
				GCC_WARN_UNUSED_VARIABLE = YES;
				IPHONEOS_DEPLOYMENT_TARGET = 14.5;
				MTL_ENABLE_DEBUG_INFO = NO;
				MTL_FAST_MATH = YES;
				SDKROOT = iphoneos;
				SWIFT_COMPILATION_MODE = wholemodule;
				SWIFT_OPTIMIZATION_LEVEL = "-O";
				VALIDATE_PRODUCT = YES;
			};
			name = Release;
		};
		C0F13C9226F6FC9700F55E66 /* Debug */ = {
			isa = XCBuildConfiguration;
			baseConfigurationReference = C5A1DC7E02D65F7C946E6CD9 /* Pods-GameKatalog.debug.xcconfig */;
			buildSettings = {
				ASSETCATALOG_COMPILER_APPICON_NAME = AppIcon;
				ASSETCATALOG_COMPILER_GLOBAL_ACCENT_COLOR_NAME = AccentColor;
				CODE_SIGN_STYLE = Automatic;
				DEVELOPMENT_TEAM = J7K2J83XY8;
				INFOPLIST_FILE = GameKatalog/Info.plist;
				LD_RUNPATH_SEARCH_PATHS = (
					"$(inherited)",
					"@executable_path/Frameworks",
				);
				PRODUCT_BUNDLE_IDENTIFIER = gilang.GameKatalog;
				PRODUCT_NAME = "$(TARGET_NAME)";
				SWIFT_VERSION = 5.0;
				TARGETED_DEVICE_FAMILY = "1,2";
			};
			name = Debug;
		};
		C0F13C9326F6FC9700F55E66 /* Release */ = {
			isa = XCBuildConfiguration;
			baseConfigurationReference = 8144FB100D65EF4DAEDA7B6C /* Pods-GameKatalog.release.xcconfig */;
			buildSettings = {
				ASSETCATALOG_COMPILER_APPICON_NAME = AppIcon;
				ASSETCATALOG_COMPILER_GLOBAL_ACCENT_COLOR_NAME = AccentColor;
				CODE_SIGN_STYLE = Automatic;
				DEVELOPMENT_TEAM = J7K2J83XY8;
				INFOPLIST_FILE = GameKatalog/Info.plist;
				LD_RUNPATH_SEARCH_PATHS = (
					"$(inherited)",
					"@executable_path/Frameworks",
				);
				PRODUCT_BUNDLE_IDENTIFIER = gilang.GameKatalog;
				PRODUCT_NAME = "$(TARGET_NAME)";
				SWIFT_VERSION = 5.0;
				TARGETED_DEVICE_FAMILY = "1,2";
			};
			name = Release;
		};
/* End XCBuildConfiguration section */

/* Begin XCConfigurationList section */
		C0F13C7526F6FC9600F55E66 /* Build configuration list for PBXProject "GameKatalog" */ = {
			isa = XCConfigurationList;
			buildConfigurations = (
				C0F13C8F26F6FC9700F55E66 /* Debug */,
				C0F13C9026F6FC9700F55E66 /* Release */,
			);
			defaultConfigurationIsVisible = 0;
			defaultConfigurationName = Release;
		};
		C0F13C9126F6FC9700F55E66 /* Build configuration list for PBXNativeTarget "GameKatalog" */ = {
			isa = XCConfigurationList;
			buildConfigurations = (
				C0F13C9226F6FC9700F55E66 /* Debug */,
				C0F13C9326F6FC9700F55E66 /* Release */,
			);
			defaultConfigurationIsVisible = 0;
			defaultConfigurationName = Release;
		};
/* End XCConfigurationList section */

/* Begin XCVersionGroup section */
		C0F13C8626F6FC9600F55E66 /* GameKatalog.xcdatamodeld */ = {
			isa = XCVersionGroup;
			children = (
				C0F13C8726F6FC9600F55E66 /* GameKatalog.xcdatamodel */,
			);
			currentVersion = C0F13C8726F6FC9600F55E66 /* GameKatalog.xcdatamodel */;
			path = GameKatalog.xcdatamodeld;
			sourceTree = "<group>";
			versionGroupType = wrapper.xcdatamodel;
		};
/* End XCVersionGroup section */
	};
	rootObject = C0F13C7226F6FC9600F55E66 /* Project object */;
}
